
Microsoft Visual Studio Solution File, Format Version 12.00
Project("{2150E333-8FDC-42A3-9474-1A3956D46DE8}") = "tests", "tests", "{AAB60AD9-6FBE-4442-A809-093AD03912C9}"
EndProject
Project("{2150E333-8FDC-42A3-9474-1A3956D46DE8}") = "src", "src", "{A1F153E7-B6C7-488E-AFD2-7A3C8435759A}"
EndProject
Project("{2150E333-8FDC-42A3-9474-1A3956D46DE8}") = "Core", "Core", "{98C46143-B1EA-4AD0-A853-8FD8EE63C9EE}"
EndProject
Project("{2150E333-8FDC-42A3-9474-1A3956D46DE8}") = "API", "API", "{8E3E504F-8729-47BF-9C14-E7C4A0703A03}"
EndProject
Project("{2150E333-8FDC-42A3-9474-1A3956D46DE8}") = "Infrastructure", "Infrastructure", "{3A18119E-CA0E-41D2-8F49-D189C367DF87}"
EndProject
Project("{2150E333-8FDC-42A3-9474-1A3956D46DE8}") = "UI", "UI", "{ACE1237A-1A0E-48D8-8AD4-AB2FC876DB33}"
EndProject
Project("{FAE04EC0-301F-11D3-BF4B-00C04F79EFBC}") = "TrainingWebsite.Application", "TrainingWebsite.Application\TrainingWebsite.Application.csproj", "{A17A123D-8690-4A60-BB4F-BC9A06EF8BDA}"
EndProject
Project("{FAE04EC0-301F-11D3-BF4B-00C04F79EFBC}") = "TrainingWebsite.Domain", "TrainingWebsite.Domain\TrainingWebsite.Domain.csproj", "{9491D12E-A931-4155-A6AC-E81F9FB528FA}"
EndProject
Project("{FAE04EC0-301F-11D3-BF4B-00C04F79EFBC}") = "TrainingWebsite.Infrastructure", "TrainingWebsite.Infrastructure\TrainingWebsite.Infrastructure.csproj", "{AB4EE1EE-B716-4732-973E-9DA8DA79DDBD}"
EndProject
Project("{FAE04EC0-301F-11D3-BF4B-00C04F79EFBC}") = "TrainingWebsite.Persistence", "TrainingWebsite.Persistence\TrainingWebsite.Persistence.csproj", "{FABC0068-C9CC-473C-ADB5-229255E89681}"
EndProject
Project("{FAE04EC0-301F-11D3-BF4B-00C04F79EFBC}") = "TrainingWebsite.API", "TrainingWebsite.API\TrainingWebsite.API.csproj", "{406CE408-843C-483C-8725-C2E29F6FC66B}"
EndProject
Project("{FAE04EC0-301F-11D3-BF4B-00C04F79EFBC}") = "TrainingWebsite.Identity", "TrainingWebsite.Identity\TrainingWebsite.Identity.csproj", "{C281E0B7-9824-4614-8944-F362F2B791E8}"
EndProject
Project("{FAE04EC0-301F-11D3-BF4B-00C04F79EFBC}") = "TrainingWebsite", "TrainingWebsite\TrainingWebsite.csproj", "{51ECF782-7D16-4DCC-AE57-6C295F10A744}"
EndProject
Global
	GlobalSection(SolutionConfigurationPlatforms) = preSolution
		Debug|Any CPU = Debug|Any CPU
		Release|Any CPU = Release|Any CPU
	EndGlobalSection
	GlobalSection(NestedProjects) = preSolution
		{98C46143-B1EA-4AD0-A853-8FD8EE63C9EE} = {A1F153E7-B6C7-488E-AFD2-7A3C8435759A}
		{8E3E504F-8729-47BF-9C14-E7C4A0703A03} = {A1F153E7-B6C7-488E-AFD2-7A3C8435759A}
		{3A18119E-CA0E-41D2-8F49-D189C367DF87} = {A1F153E7-B6C7-488E-AFD2-7A3C8435759A}
		{ACE1237A-1A0E-48D8-8AD4-AB2FC876DB33} = {A1F153E7-B6C7-488E-AFD2-7A3C8435759A}
		{A17A123D-8690-4A60-BB4F-BC9A06EF8BDA} = {98C46143-B1EA-4AD0-A853-8FD8EE63C9EE}
		{9491D12E-A931-4155-A6AC-E81F9FB528FA} = {98C46143-B1EA-4AD0-A853-8FD8EE63C9EE}
		{AB4EE1EE-B716-4732-973E-9DA8DA79DDBD} = {3A18119E-CA0E-41D2-8F49-D189C367DF87}
		{FABC0068-C9CC-473C-ADB5-229255E89681} = {3A18119E-CA0E-41D2-8F49-D189C367DF87}
		{406CE408-843C-483C-8725-C2E29F6FC66B} = {8E3E504F-8729-47BF-9C14-E7C4A0703A03}
		{C281E0B7-9824-4614-8944-F362F2B791E8} = {3A18119E-CA0E-41D2-8F49-D189C367DF87}
		{51ECF782-7D16-4DCC-AE57-6C295F10A744} = {AAB60AD9-6FBE-4442-A809-093AD03912C9}
	EndGlobalSection
	GlobalSection(ProjectConfigurationPlatforms) = postSolution
		{A17A123D-8690-4A60-BB4F-BC9A06EF8BDA}.Debug|Any CPU.ActiveCfg = Debug|Any CPU
		{A17A123D-8690-4A60-BB4F-BC9A06EF8BDA}.Debug|Any CPU.Build.0 = Debug|Any CPU
		{A17A123D-8690-4A60-BB4F-BC9A06EF8BDA}.Release|Any CPU.ActiveCfg = Release|Any CPU
		{A17A123D-8690-4A60-BB4F-BC9A06EF8BDA}.Release|Any CPU.Build.0 = Release|Any CPU
		{9491D12E-A931-4155-A6AC-E81F9FB528FA}.Debug|Any CPU.ActiveCfg = Debug|Any CPU
		{9491D12E-A931-4155-A6AC-E81F9FB528FA}.Debug|Any CPU.Build.0 = Debug|Any CPU
		{9491D12E-A931-4155-A6AC-E81F9FB528FA}.Release|Any CPU.ActiveCfg = Release|Any CPU
		{9491D12E-A931-4155-A6AC-E81F9FB528FA}.Release|Any CPU.Build.0 = Release|Any CPU
		{AB4EE1EE-B716-4732-973E-9DA8DA79DDBD}.Debug|Any CPU.ActiveCfg = Debug|Any CPU
		{AB4EE1EE-B716-4732-973E-9DA8DA79DDBD}.Debug|Any CPU.Build.0 = Debug|Any CPU
		{AB4EE1EE-B716-4732-973E-9DA8DA79DDBD}.Release|Any CPU.ActiveCfg = Release|Any CPU
		{AB4EE1EE-B716-4732-973E-9DA8DA79DDBD}.Release|Any CPU.Build.0 = Release|Any CPU
		{FABC0068-C9CC-473C-ADB5-229255E89681}.Debug|Any CPU.ActiveCfg = Debug|Any CPU
		{FABC0068-C9CC-473C-ADB5-229255E89681}.Debug|Any CPU.Build.0 = Debug|Any CPU
		{FABC0068-C9CC-473C-ADB5-229255E89681}.Release|Any CPU.ActiveCfg = Release|Any CPU
		{FABC0068-C9CC-473C-ADB5-229255E89681}.Release|Any CPU.Build.0 = Release|Any CPU
		{406CE408-843C-483C-8725-C2E29F6FC66B}.Debug|Any CPU.ActiveCfg = Debug|Any CPU
		{406CE408-843C-483C-8725-C2E29F6FC66B}.Debug|Any CPU.Build.0 = Debug|Any CPU
		{406CE408-843C-483C-8725-C2E29F6FC66B}.Release|Any CPU.ActiveCfg = Release|Any CPU
		{406CE408-843C-483C-8725-C2E29F6FC66B}.Release|Any CPU.Build.0 = Release|Any CPU
		{C281E0B7-9824-4614-8944-F362F2B791E8}.Debug|Any CPU.ActiveCfg = Debug|Any CPU
		{C281E0B7-9824-4614-8944-F362F2B791E8}.Debug|Any CPU.Build.0 = Debug|Any CPU
		{C281E0B7-9824-4614-8944-F362F2B791E8}.Release|Any CPU.ActiveCfg = Release|Any CPU
		{C281E0B7-9824-4614-8944-F362F2B791E8}.Release|Any CPU.Build.0 = Release|Any CPU
		{51ECF782-7D16-4DCC-AE57-6C295F10A744}.Debug|Any CPU.ActiveCfg = Debug|Any CPU
		{51ECF782-7D16-4DCC-AE57-6C295F10A744}.Debug|Any CPU.Build.0 = Debug|Any CPU
		{51ECF782-7D16-4DCC-AE57-6C295F10A744}.Release|Any CPU.ActiveCfg = Release|Any CPU
		{51ECF782-7D16-4DCC-AE57-6C295F10A744}.Release|Any CPU.Build.0 = Release|Any CPU
	EndGlobalSection
EndGlobal
